
Microsoft Visual Studio Solution File, Format Version 12.00
Project("{FAE04EC0-301F-11D3-BF4B-00C04F79EFBC}") = "UniProject", "UniProject\UniProject.csproj", "{BBD658A0-3D66-4BA4-A403-92EE05A5E92A}"
EndProject
Global
	GlobalSection(SolutionConfigurationPlatforms) = preSolution
		Debug|Any CPU = Debug|Any CPU
		Release|Any CPU = Release|Any CPU
	EndGlobalSection
	GlobalSection(ProjectConfigurationPlatforms) = postSolution
		{BBD658A0-3D66-4BA4-A403-92EE05A5E92A}.Debug|Any CPU.ActiveCfg = Debug|Any CPU
		{BBD658A0-3D66-4BA4-A403-92EE05A5E92A}.Debug|Any CPU.Build.0 = Debug|Any CPU
		{BBD658A0-3D66-4BA4-A403-92EE05A5E92A}.Release|Any CPU.ActiveCfg = Release|Any CPU
		{BBD658A0-3D66-4BA4-A403-92EE05A5E92A}.Release|Any CPU.Build.0 = Release|Any CPU
	EndGlobalSection
EndGlobal
