
Microsoft Visual Studio Solution File, Format Version 12.00
Project("{FAE04EC0-301F-11D3-BF4B-00C04F79EFBC}") = "Exercise1", "Exercise1\Exercise1.csproj", "{A8A7181C-F183-4BA9-9AF3-8478AA4A8FC1}"
EndProject
Project("{FAE04EC0-301F-11D3-BF4B-00C04F79EFBC}") = "Exercise2", "Exercise2\Exercise2.csproj", "{54711B3D-2C2B-4D2B-B416-11A22C281F76}"
EndProject
Project("{FAE04EC0-301F-11D3-BF4B-00C04F79EFBC}") = "Exercise3", "Exercise3\Exercise3.csproj", "{CFDD3F46-62D9-48E9-BCB9-37708DB5594E}"
EndProject
Project("{FAE04EC0-301F-11D3-BF4B-00C04F79EFBC}") = "Exercise4", "Exercise4\Exercise4.csproj", "{92D0AB42-950C-4D8F-A51F-877092540DBF}"
EndProject
Project("{FAE04EC0-301F-11D3-BF4B-00C04F79EFBC}") = "Exercise5", "Exercise5\Exercise5.csproj", "{AB96769C-71D8-4133-A6EF-915D5A496A80}"
EndProject
Project("{FAE04EC0-301F-11D3-BF4B-00C04F79EFBC}") = "Exercise6", "Exercise6\Exercise6.csproj", "{DFB98004-22B8-41F7-BCA0-4F09191A2663}"
EndProject
Global
	GlobalSection(SolutionConfigurationPlatforms) = preSolution
		Debug|Any CPU = Debug|Any CPU
		Release|Any CPU = Release|Any CPU
	EndGlobalSection
	GlobalSection(ProjectConfigurationPlatforms) = postSolution
		{A8A7181C-F183-4BA9-9AF3-8478AA4A8FC1}.Debug|Any CPU.ActiveCfg = Debug|Any CPU
		{A8A7181C-F183-4BA9-9AF3-8478AA4A8FC1}.Debug|Any CPU.Build.0 = Debug|Any CPU
		{A8A7181C-F183-4BA9-9AF3-8478AA4A8FC1}.Release|Any CPU.ActiveCfg = Release|Any CPU
		{A8A7181C-F183-4BA9-9AF3-8478AA4A8FC1}.Release|Any CPU.Build.0 = Release|Any CPU
		{54711B3D-2C2B-4D2B-B416-11A22C281F76}.Debug|Any CPU.ActiveCfg = Debug|Any CPU
		{54711B3D-2C2B-4D2B-B416-11A22C281F76}.Debug|Any CPU.Build.0 = Debug|Any CPU
		{54711B3D-2C2B-4D2B-B416-11A22C281F76}.Release|Any CPU.ActiveCfg = Release|Any CPU
		{54711B3D-2C2B-4D2B-B416-11A22C281F76}.Release|Any CPU.Build.0 = Release|Any CPU
		{CFDD3F46-62D9-48E9-BCB9-37708DB5594E}.Debug|Any CPU.ActiveCfg = Debug|Any CPU
		{CFDD3F46-62D9-48E9-BCB9-37708DB5594E}.Debug|Any CPU.Build.0 = Debug|Any CPU
		{CFDD3F46-62D9-48E9-BCB9-37708DB5594E}.Release|Any CPU.ActiveCfg = Release|Any CPU
		{CFDD3F46-62D9-48E9-BCB9-37708DB5594E}.Release|Any CPU.Build.0 = Release|Any CPU
		{92D0AB42-950C-4D8F-A51F-877092540DBF}.Debug|Any CPU.ActiveCfg = Debug|Any CPU
		{92D0AB42-950C-4D8F-A51F-877092540DBF}.Debug|Any CPU.Build.0 = Debug|Any CPU
		{92D0AB42-950C-4D8F-A51F-877092540DBF}.Release|Any CPU.ActiveCfg = Release|Any CPU
		{92D0AB42-950C-4D8F-A51F-877092540DBF}.Release|Any CPU.Build.0 = Release|Any CPU
		{AB96769C-71D8-4133-A6EF-915D5A496A80}.Debug|Any CPU.ActiveCfg = Debug|Any CPU
		{AB96769C-71D8-4133-A6EF-915D5A496A80}.Debug|Any CPU.Build.0 = Debug|Any CPU
		{AB96769C-71D8-4133-A6EF-915D5A496A80}.Release|Any CPU.ActiveCfg = Release|Any CPU
		{AB96769C-71D8-4133-A6EF-915D5A496A80}.Release|Any CPU.Build.0 = Release|Any CPU
		{DFB98004-22B8-41F7-BCA0-4F09191A2663}.Debug|Any CPU.ActiveCfg = Debug|Any CPU
		{DFB98004-22B8-41F7-BCA0-4F09191A2663}.Debug|Any CPU.Build.0 = Debug|Any CPU
		{DFB98004-22B8-41F7-BCA0-4F09191A2663}.Release|Any CPU.ActiveCfg = Release|Any CPU
		{DFB98004-22B8-41F7-BCA0-4F09191A2663}.Release|Any CPU.Build.0 = Release|Any CPU
	EndGlobalSection
EndGlobal
